
Microsoft Visual Studio Solution File, Format Version 12.00
# Visual Studio Version 17
VisualStudioVersion = 17.2.32616.157
MinimumVisualStudioVersion = 10.0.40219.1
Project("{9A19103F-16F7-4668-BE54-9A1E7A4F7556}") = "GPeerToPeer", "GPeerToPeer\GPeerToPeer.csproj", "{92983A85-B88F-4C85-8F76-052E9D56B640}"
EndProject
Project("{9A19103F-16F7-4668-BE54-9A1E7A4F7556}") = "TestPTP", "TestPTP\TestPTP.csproj", "{2385ECA3-0575-4628-8AAD-597B4D1E78D9}"
EndProject
Project("{FAE04EC0-301F-11D3-BF4B-00C04F79EFBC}") = "GPTP_Helper", "GPTP_Helper\GPTP_Helper.csproj", "{EFEE518B-D53C-41D5-BAF5-D82796222D33}"
EndProject
Global
	GlobalSection(SolutionConfigurationPlatforms) = preSolution
		Debug|Any CPU = Debug|Any CPU
		Release|Any CPU = Release|Any CPU
	EndGlobalSection
	GlobalSection(ProjectConfigurationPlatforms) = postSolution
		{92983A85-B88F-4C85-8F76-052E9D56B640}.Debug|Any CPU.ActiveCfg = Debug|Any CPU
		{92983A85-B88F-4C85-8F76-052E9D56B640}.Debug|Any CPU.Build.0 = Debug|Any CPU
		{92983A85-B88F-4C85-8F76-052E9D56B640}.Release|Any CPU.ActiveCfg = Release|Any CPU
		{92983A85-B88F-4C85-8F76-052E9D56B640}.Release|Any CPU.Build.0 = Release|Any CPU
		{2385ECA3-0575-4628-8AAD-597B4D1E78D9}.Debug|Any CPU.ActiveCfg = Debug|Any CPU
		{2385ECA3-0575-4628-8AAD-597B4D1E78D9}.Debug|Any CPU.Build.0 = Debug|Any CPU
		{2385ECA3-0575-4628-8AAD-597B4D1E78D9}.Release|Any CPU.ActiveCfg = Release|Any CPU
		{2385ECA3-0575-4628-8AAD-597B4D1E78D9}.Release|Any CPU.Build.0 = Release|Any CPU
		{EFEE518B-D53C-41D5-BAF5-D82796222D33}.Debug|Any CPU.ActiveCfg = Debug|Any CPU
		{EFEE518B-D53C-41D5-BAF5-D82796222D33}.Debug|Any CPU.Build.0 = Debug|Any CPU
		{EFEE518B-D53C-41D5-BAF5-D82796222D33}.Release|Any CPU.ActiveCfg = Release|Any CPU
		{EFEE518B-D53C-41D5-BAF5-D82796222D33}.Release|Any CPU.Build.0 = Release|Any CPU
	EndGlobalSection
	GlobalSection(SolutionProperties) = preSolution
		HideSolutionNode = FALSE
	EndGlobalSection
	GlobalSection(ExtensibilityGlobals) = postSolution
		SolutionGuid = {A7A413AE-C337-4A4D-B5B9-3921C83D715D}
	EndGlobalSection
EndGlobal
